
Microsoft Visual Studio Solution File, Format Version 12.00
# Visual Studio Version 17
VisualStudioVersion = 17.3.32811.315
MinimumVisualStudioVersion = 10.0.40219.1
Project("{9A19103F-16F7-4668-BE54-9A1E7A4F7556}") = "EnsekWebAPI", "EnsekWebAPI\EnsekWebAPI.csproj", "{61F86C7D-E27B-4B6E-9533-28C4B3330CFA}"
EndProject
Project("{FAE04EC0-301F-11D3-BF4B-00C04F79EFBC}") = "EnsekWebAPIUnitTests", "EnsekWebAPIUnitTests\EnsekWebAPIUnitTests.csproj", "{84D14B60-A512-4F54-B02A-53A8F8A0A498}"
EndProject
Global
	GlobalSection(SolutionConfigurationPlatforms) = preSolution
		Debug|Any CPU = Debug|Any CPU
		Release|Any CPU = Release|Any CPU
	EndGlobalSection
	GlobalSection(ProjectConfigurationPlatforms) = postSolution
		{61F86C7D-E27B-4B6E-9533-28C4B3330CFA}.Debug|Any CPU.ActiveCfg = Debug|Any CPU
		{61F86C7D-E27B-4B6E-9533-28C4B3330CFA}.Debug|Any CPU.Build.0 = Debug|Any CPU
		{61F86C7D-E27B-4B6E-9533-28C4B3330CFA}.Release|Any CPU.ActiveCfg = Release|Any CPU
		{61F86C7D-E27B-4B6E-9533-28C4B3330CFA}.Release|Any CPU.Build.0 = Release|Any CPU
		{84D14B60-A512-4F54-B02A-53A8F8A0A498}.Debug|Any CPU.ActiveCfg = Debug|Any CPU
		{84D14B60-A512-4F54-B02A-53A8F8A0A498}.Debug|Any CPU.Build.0 = Debug|Any CPU
		{84D14B60-A512-4F54-B02A-53A8F8A0A498}.Release|Any CPU.ActiveCfg = Release|Any CPU
		{84D14B60-A512-4F54-B02A-53A8F8A0A498}.Release|Any CPU.Build.0 = Release|Any CPU
	EndGlobalSection
	GlobalSection(SolutionProperties) = preSolution
		HideSolutionNode = FALSE
	EndGlobalSection
	GlobalSection(ExtensibilityGlobals) = postSolution
		SolutionGuid = {4EB7CF45-4CBE-44CB-9276-97A3CC36588F}
	EndGlobalSection
EndGlobal
